
Microsoft Visual Studio Solution File, Format Version 12.00
# Visual Studio Version 17
VisualStudioVersion = 17.13.35806.99
MinimumVisualStudioVersion = 10.0.40219.1
Project("{FAE04EC0-301F-11D3-BF4B-00C04F79EFBC}") = "CsharpCodeAnalyzer", "CsharpCodeAnalyzer\CsharpCodeAnalyzer.csproj", "{152AD985-3BD0-42C7-B03D-7B1D3DCCBAF2}"
EndProject
Project("{FAE04EC0-301F-11D3-BF4B-00C04F79EFBC}") = "TestSample", "TestSample\TestSample.csproj", "{AC017E54-2A71-41E9-AC84-AEC44C5BDB3D}"
EndProject
Global
	GlobalSection(SolutionConfigurationPlatforms) = preSolution
		Debug|Any CPU = Debug|Any CPU
		Release|Any CPU = Release|Any CPU
	EndGlobalSection
	GlobalSection(ProjectConfigurationPlatforms) = postSolution
		{152AD985-3BD0-42C7-B03D-7B1D3DCCBAF2}.Debug|Any CPU.ActiveCfg = Debug|Any CPU
		{152AD985-3BD0-42C7-B03D-7B1D3DCCBAF2}.Debug|Any CPU.Build.0 = Debug|Any CPU
		{152AD985-3BD0-42C7-B03D-7B1D3DCCBAF2}.Release|Any CPU.ActiveCfg = Release|Any CPU
		{152AD985-3BD0-42C7-B03D-7B1D3DCCBAF2}.Release|Any CPU.Build.0 = Release|Any CPU
		{AC017E54-2A71-41E9-AC84-AEC44C5BDB3D}.Debug|Any CPU.ActiveCfg = Debug|Any CPU
		{AC017E54-2A71-41E9-AC84-AEC44C5BDB3D}.Debug|Any CPU.Build.0 = Debug|Any CPU
		{AC017E54-2A71-41E9-AC84-AEC44C5BDB3D}.Release|Any CPU.ActiveCfg = Release|Any CPU
		{AC017E54-2A71-41E9-AC84-AEC44C5BDB3D}.Release|Any CPU.Build.0 = Release|Any CPU
	EndGlobalSection
	GlobalSection(SolutionProperties) = preSolution
		HideSolutionNode = FALSE
	EndGlobalSection
	GlobalSection(ExtensibilityGlobals) = postSolution
		SolutionGuid = {7A1339AC-BE78-4EEC-8E83-8D749B1C0BBC}
	EndGlobalSection
EndGlobal
